<?xml version="1.0" encoding="utf-8"?>
<Project ToolsVersion="4.0" xmlns="http://schemas.microsoft.com/developer/msbuild/2003">
  <ItemGroup>
    <ClCompile Include="..\..\src\Damn\CameraMovement.cpp" />
    <ClCompile Include="..\..\src\Damn\DamnMain.cpp" />
    <ClCompile Include="..\..\src\Damn\Health.cpp" />
    <ClCompile Include="..\..\src\Damn\Hito2MenuPausa.cpp" />
    <ClCompile Include="..\..\src\Damn\Hito2Prueba.cpp" />
    <ClCompile Include="..\..\src\Damn\MovementController.cpp" />
    <ClCompile Include="..\..\src\Damn\InputController.cpp" />
    <ClCompile Include="..\..\src\Damn\CEnemyAttack.cpp" />
    <ClCompile Include="..\..\src\Damn\PlayerHealth.cpp" />
    <ClCompile Include="..\..\src\Damn\CProyectileMovement.cpp" />
    <ClCompile Include="..\..\src\Damn\WeaponComponent.cpp" />
    <ClCompile Include="..\..\src\Damn\WeaponManager.cpp" />
    <ClCompile Include="..\..\src\Damn\Shotgun.cpp" />
    <ClCompile Include="..\..\src\Damn\EnemyHealth.cpp" />
    <ClCompile Include="..\..\src\Damn\CAmmoBoxComponent.cpp" />
    <ClCompile Include="..\..\src\Damn\UIManager.cpp" />
    <ClCompile Include="..\..\src\Damn\GameManager.cpp" />
    <ClCompile Include="..\..\src\Damn\CChangeCameraBackground.cpp" />
    <ClCompile Include="..\..\src\Damn\CMainMenuCameraRotation.cpp" />
    <ClCompile Include="..\..\src\Damn\ButtonFunctions.cpp" />
    <ClCompile Include="..\..\src\Damn\Spawnpoint.cpp" />
    <ClCompile Include="..\..\src\Damn\Rifle.cpp" />
  </ItemGroup>
  <ItemGroup>
    <ClInclude Include="..\..\src\Damn\CameraMovement.h" />
    <ClInclude Include="..\..\src\Damn\DamnMain.h" />
    <ClInclude Include="..\..\src\Damn\Health.h" />
    <ClInclude Include="..\..\src\Damn\Hito2MenuPausa.h" />
    <ClInclude Include="..\..\src\Damn\Hito2Prueba.h" />
    <ClInclude Include="..\..\src\Damn\InputController.h" />
    <ClInclude Include="..\..\src\Damn\MovementController.h" />
    <ClInclude Include="..\..\src\Damn\CEnemyAttack.h" />
    <ClInclude Include="..\..\src\Damn\PlayerHealth.h" />
    <ClInclude Include="..\..\src\Damn\CProyectileMovement.h" />
    <ClInclude Include="..\..\src\Damn\WeaponComponent.h" />
    <ClInclude Include="..\..\src\Damn\WeaponManager.h" />
    <ClInclude Include="..\..\src\Damn\Shotgun.h" />
    <ClInclude Include="..\..\src\Damn\EnemyHealth.h" />
    <ClInclude Include="..\..\src\Damn\CAmmoBoxComponent.h" />
    <ClInclude Include="..\..\src\Damn\UIManager.h" />
    <ClInclude Include="..\..\src\Damn\GameManager.h" />
    <ClInclude Include="..\..\src\Damn\CChangeCameraBackground.h" />
    <ClInclude Include="..\..\src\Damn\CMainMenuCameraRotation.h" />
    <ClInclude Include="..\..\src\Damn\ButtonFunctions.h" />
    <ClInclude Include="..\..\src\Damn\Spawnpoint.h" />
    <ClInclude Include="..\..\src\Damn\Rifle.h" />
  </ItemGroup>
</Project>